
Microsoft Visual Studio Solution File, Format Version 12.00
# Visual Studio Version 17
VisualStudioVersion = 17.1.32210.238
MinimumVisualStudioVersion = 10.0.40219.1
Project("{FAE04EC0-301F-11D3-BF4B-00C04F79EFBC}") = "AssignmentApi", "AssignmentApi\AssignmentApi.csproj", "{DDCBF176-7DFD-4DFB-AE00-C0BEC08D8FAB}"
EndProject
Project("{FAE04EC0-301F-11D3-BF4B-00C04F79EFBC}") = "AssignmentBlazor", "AssignmentBlazor\AssignmentBlazor.csproj", "{993654CA-3689-4403-9F1F-D180F10FF96E}"
EndProject
Project("{FAE04EC0-301F-11D3-BF4B-00C04F79EFBC}") = "AssignmentLibrary", "AssignmentLibrary\AssignmentLibrary.csproj", "{85E44624-FCDB-4841-920E-663CC54232F2}"
EndProject
Global
	GlobalSection(SolutionConfigurationPlatforms) = preSolution
		Debug|Any CPU = Debug|Any CPU
		Release|Any CPU = Release|Any CPU
	EndGlobalSection
	GlobalSection(ProjectConfigurationPlatforms) = postSolution
		{DDCBF176-7DFD-4DFB-AE00-C0BEC08D8FAB}.Debug|Any CPU.ActiveCfg = Debug|Any CPU
		{DDCBF176-7DFD-4DFB-AE00-C0BEC08D8FAB}.Debug|Any CPU.Build.0 = Debug|Any CPU
		{DDCBF176-7DFD-4DFB-AE00-C0BEC08D8FAB}.Release|Any CPU.ActiveCfg = Release|Any CPU
		{DDCBF176-7DFD-4DFB-AE00-C0BEC08D8FAB}.Release|Any CPU.Build.0 = Release|Any CPU
		{993654CA-3689-4403-9F1F-D180F10FF96E}.Debug|Any CPU.ActiveCfg = Debug|Any CPU
		{993654CA-3689-4403-9F1F-D180F10FF96E}.Debug|Any CPU.Build.0 = Debug|Any CPU
		{993654CA-3689-4403-9F1F-D180F10FF96E}.Release|Any CPU.ActiveCfg = Release|Any CPU
		{993654CA-3689-4403-9F1F-D180F10FF96E}.Release|Any CPU.Build.0 = Release|Any CPU
		{85E44624-FCDB-4841-920E-663CC54232F2}.Debug|Any CPU.ActiveCfg = Debug|Any CPU
		{85E44624-FCDB-4841-920E-663CC54232F2}.Debug|Any CPU.Build.0 = Debug|Any CPU
		{85E44624-FCDB-4841-920E-663CC54232F2}.Release|Any CPU.ActiveCfg = Release|Any CPU
		{85E44624-FCDB-4841-920E-663CC54232F2}.Release|Any CPU.Build.0 = Release|Any CPU
	EndGlobalSection
	GlobalSection(SolutionProperties) = preSolution
		HideSolutionNode = FALSE
	EndGlobalSection
	GlobalSection(ExtensibilityGlobals) = postSolution
		SolutionGuid = {F58E0376-2C76-4F1A-AB12-1007E84CC93D}
	EndGlobalSection
EndGlobal
