
Microsoft Visual Studio Solution File, Format Version 12.00
# Visual Studio Version 17
VisualStudioVersion = 17.2.32526.322
MinimumVisualStudioVersion = 10.0.40219.1
Project("{9A19103F-16F7-4668-BE54-9A1E7A4F7556}") = "StrongPointTechAssignment.Web", "StrongPointTechAssignment.Web\StrongPointTechAssignment.Web.csproj", "{B41AF149-7CC4-4A97-A4A9-82FD640FD7F9}"
EndProject
Project("{9A19103F-16F7-4668-BE54-9A1E7A4F7556}") = "StrongPointTechAssignment.Domain", "StrongPointTechAssignment.Domain\StrongPointTechAssignment.Domain.csproj", "{81D91FA5-F953-4D4F-8418-691D0C0EABFA}"
EndProject
Project("{9A19103F-16F7-4668-BE54-9A1E7A4F7556}") = "StrongPointTechAssignment.Tests", "..\tests\StrongPointTechAssignment.Tests\StrongPointTechAssignment.Tests.csproj", "{D515DC7C-C52B-4930-B6E0-C2EE099E523D}"
EndProject
Global
	GlobalSection(SolutionConfigurationPlatforms) = preSolution
		Debug|Any CPU = Debug|Any CPU
		Release|Any CPU = Release|Any CPU
	EndGlobalSection
	GlobalSection(ProjectConfigurationPlatforms) = postSolution
		{B41AF149-7CC4-4A97-A4A9-82FD640FD7F9}.Debug|Any CPU.ActiveCfg = Debug|Any CPU
		{B41AF149-7CC4-4A97-A4A9-82FD640FD7F9}.Debug|Any CPU.Build.0 = Debug|Any CPU
		{B41AF149-7CC4-4A97-A4A9-82FD640FD7F9}.Release|Any CPU.ActiveCfg = Release|Any CPU
		{B41AF149-7CC4-4A97-A4A9-82FD640FD7F9}.Release|Any CPU.Build.0 = Release|Any CPU
		{81D91FA5-F953-4D4F-8418-691D0C0EABFA}.Debug|Any CPU.ActiveCfg = Debug|Any CPU
		{81D91FA5-F953-4D4F-8418-691D0C0EABFA}.Debug|Any CPU.Build.0 = Debug|Any CPU
		{81D91FA5-F953-4D4F-8418-691D0C0EABFA}.Release|Any CPU.ActiveCfg = Release|Any CPU
		{81D91FA5-F953-4D4F-8418-691D0C0EABFA}.Release|Any CPU.Build.0 = Release|Any CPU
		{D515DC7C-C52B-4930-B6E0-C2EE099E523D}.Debug|Any CPU.ActiveCfg = Debug|Any CPU
		{D515DC7C-C52B-4930-B6E0-C2EE099E523D}.Debug|Any CPU.Build.0 = Debug|Any CPU
		{D515DC7C-C52B-4930-B6E0-C2EE099E523D}.Release|Any CPU.ActiveCfg = Release|Any CPU
		{D515DC7C-C52B-4930-B6E0-C2EE099E523D}.Release|Any CPU.Build.0 = Release|Any CPU
	EndGlobalSection
	GlobalSection(SolutionProperties) = preSolution
		HideSolutionNode = FALSE
	EndGlobalSection
	GlobalSection(ExtensibilityGlobals) = postSolution
		SolutionGuid = {D195D3AB-B690-4006-BAFC-865AE6F6F2C9}
	EndGlobalSection
EndGlobal
